
Microsoft Visual Studio Solution File, Format Version 12.00
# Visual Studio 15
VisualStudioVersion = 15.0.26730.16
MinimumVisualStudioVersion = 10.0.40219.1
Project("{8BC9CEB8-8B4A-11D0-8D11-00A0C91BC942}") = "2.33", "2.33\2.33.vcxproj", "{A261C38B-D4AE-400F-8693-02D553F11A50}"
EndProject
Global
	GlobalSection(SolutionConfigurationPlatforms) = preSolution
		Debug|x64 = Debug|x64
		Debug|x86 = Debug|x86
		Release|x64 = Release|x64
		Release|x86 = Release|x86
	EndGlobalSection
	GlobalSection(ProjectConfigurationPlatforms) = postSolution
		{A261C38B-D4AE-400F-8693-02D553F11A50}.Debug|x64.ActiveCfg = Debug|x64
		{A261C38B-D4AE-400F-8693-02D553F11A50}.Debug|x64.Build.0 = Debug|x64
		{A261C38B-D4AE-400F-8693-02D553F11A50}.Debug|x86.ActiveCfg = Debug|Win32
		{A261C38B-D4AE-400F-8693-02D553F11A50}.Debug|x86.Build.0 = Debug|Win32
		{A261C38B-D4AE-400F-8693-02D553F11A50}.Release|x64.ActiveCfg = Release|x64
		{A261C38B-D4AE-400F-8693-02D553F11A50}.Release|x64.Build.0 = Release|x64
		{A261C38B-D4AE-400F-8693-02D553F11A50}.Release|x86.ActiveCfg = Release|Win32
		{A261C38B-D4AE-400F-8693-02D553F11A50}.Release|x86.Build.0 = Release|Win32
	EndGlobalSection
	GlobalSection(SolutionProperties) = preSolution
		HideSolutionNode = FALSE
	EndGlobalSection
	GlobalSection(ExtensibilityGlobals) = postSolution
		SolutionGuid = {41CFE078-6809-42B0-B900-FFB4289FEA83}
	EndGlobalSection
EndGlobal
